
Microsoft Visual Studio Solution File, Format Version 12.00
# Visual Studio Version 17
VisualStudioVersion = 17.14.36429.23 d17.14
MinimumVisualStudioVersion = 10.0.40219.1
Project("{FAE04EC0-301F-11D3-BF4B-00C04F79EFBC}") = "Stroka1", "Stroka1\Stroka1.csproj", "{4EDA30F8-575B-4F8F-A33B-1A1BBAF795FE}"
EndProject
Global
	GlobalSection(SolutionConfigurationPlatforms) = preSolution
		Debug|Any CPU = Debug|Any CPU
		Release|Any CPU = Release|Any CPU
	EndGlobalSection
	GlobalSection(ProjectConfigurationPlatforms) = postSolution
		{4EDA30F8-575B-4F8F-A33B-1A1BBAF795FE}.Debug|Any CPU.ActiveCfg = Debug|Any CPU
		{4EDA30F8-575B-4F8F-A33B-1A1BBAF795FE}.Debug|Any CPU.Build.0 = Debug|Any CPU
		{4EDA30F8-575B-4F8F-A33B-1A1BBAF795FE}.Release|Any CPU.ActiveCfg = Release|Any CPU
		{4EDA30F8-575B-4F8F-A33B-1A1BBAF795FE}.Release|Any CPU.Build.0 = Release|Any CPU
	EndGlobalSection
	GlobalSection(SolutionProperties) = preSolution
		HideSolutionNode = FALSE
	EndGlobalSection
	GlobalSection(ExtensibilityGlobals) = postSolution
		SolutionGuid = {3BD16FA7-89EE-4D68-AD3E-2670E84E4BB3}
	EndGlobalSection
EndGlobal
