
Microsoft Visual Studio Solution File, Format Version 12.00
# Visual Studio Version 17
VisualStudioVersion = 17.14.36429.23 d17.14
MinimumVisualStudioVersion = 10.0.40219.1
Project("{FAE04EC0-301F-11D3-BF4B-00C04F79EFBC}") = "Cikl2", "Cikl2\Cikl2.csproj", "{FFBA9E3D-BFC2-4C45-B0D9-28C221EC49DC}"
EndProject
Global
	GlobalSection(SolutionConfigurationPlatforms) = preSolution
		Debug|Any CPU = Debug|Any CPU
		Release|Any CPU = Release|Any CPU
	EndGlobalSection
	GlobalSection(ProjectConfigurationPlatforms) = postSolution
		{FFBA9E3D-BFC2-4C45-B0D9-28C221EC49DC}.Debug|Any CPU.ActiveCfg = Debug|Any CPU
		{FFBA9E3D-BFC2-4C45-B0D9-28C221EC49DC}.Debug|Any CPU.Build.0 = Debug|Any CPU
		{FFBA9E3D-BFC2-4C45-B0D9-28C221EC49DC}.Release|Any CPU.ActiveCfg = Release|Any CPU
		{FFBA9E3D-BFC2-4C45-B0D9-28C221EC49DC}.Release|Any CPU.Build.0 = Release|Any CPU
	EndGlobalSection
	GlobalSection(SolutionProperties) = preSolution
		HideSolutionNode = FALSE
	EndGlobalSection
	GlobalSection(ExtensibilityGlobals) = postSolution
		SolutionGuid = {5078FDCB-E3FD-4A41-AFE9-65E758057F27}
	EndGlobalSection
EndGlobal
