
Microsoft Visual Studio Solution File, Format Version 12.00
# Visual Studio Version 17
VisualStudioVersion = 17.14.36429.23 d17.14
MinimumVisualStudioVersion = 10.0.40219.1
Project("{FAE04EC0-301F-11D3-BF4B-00C04F79EFBC}") = "Stroka4", "Stroka4\Stroka4.csproj", "{DB6F6ACB-3C36-4B22-8E13-A50864458B90}"
EndProject
Global
	GlobalSection(SolutionConfigurationPlatforms) = preSolution
		Debug|Any CPU = Debug|Any CPU
		Release|Any CPU = Release|Any CPU
	EndGlobalSection
	GlobalSection(ProjectConfigurationPlatforms) = postSolution
		{DB6F6ACB-3C36-4B22-8E13-A50864458B90}.Debug|Any CPU.ActiveCfg = Debug|Any CPU
		{DB6F6ACB-3C36-4B22-8E13-A50864458B90}.Debug|Any CPU.Build.0 = Debug|Any CPU
		{DB6F6ACB-3C36-4B22-8E13-A50864458B90}.Release|Any CPU.ActiveCfg = Release|Any CPU
		{DB6F6ACB-3C36-4B22-8E13-A50864458B90}.Release|Any CPU.Build.0 = Release|Any CPU
	EndGlobalSection
	GlobalSection(SolutionProperties) = preSolution
		HideSolutionNode = FALSE
	EndGlobalSection
	GlobalSection(ExtensibilityGlobals) = postSolution
		SolutionGuid = {ECA51D13-22BC-482C-AB01-5BF58929EC00}
	EndGlobalSection
EndGlobal
