
Microsoft Visual Studio Solution File, Format Version 12.00
# Visual Studio Version 17
VisualStudioVersion = 17.14.36429.23 d17.14
MinimumVisualStudioVersion = 10.0.40219.1
Project("{FAE04EC0-301F-11D3-BF4B-00C04F79EFBC}") = "Cikl23", "Cikl23\Cikl23.csproj", "{90B76789-49FA-4DA6-BAF2-11C5E38F5E5A}"
EndProject
Global
	GlobalSection(SolutionConfigurationPlatforms) = preSolution
		Debug|Any CPU = Debug|Any CPU
		Release|Any CPU = Release|Any CPU
	EndGlobalSection
	GlobalSection(ProjectConfigurationPlatforms) = postSolution
		{90B76789-49FA-4DA6-BAF2-11C5E38F5E5A}.Debug|Any CPU.ActiveCfg = Debug|Any CPU
		{90B76789-49FA-4DA6-BAF2-11C5E38F5E5A}.Debug|Any CPU.Build.0 = Debug|Any CPU
		{90B76789-49FA-4DA6-BAF2-11C5E38F5E5A}.Release|Any CPU.ActiveCfg = Release|Any CPU
		{90B76789-49FA-4DA6-BAF2-11C5E38F5E5A}.Release|Any CPU.Build.0 = Release|Any CPU
	EndGlobalSection
	GlobalSection(SolutionProperties) = preSolution
		HideSolutionNode = FALSE
	EndGlobalSection
	GlobalSection(ExtensibilityGlobals) = postSolution
		SolutionGuid = {EE491E78-0219-4858-A070-1295234AABF1}
	EndGlobalSection
EndGlobal
